
Microsoft Visual Studio Solution File, Format Version 12.00
# Visual Studio Version 16
VisualStudioVersion = 16.0.31205.134
MinimumVisualStudioVersion = 10.0.40219.1
Project("{FAE04EC0-301F-11D3-BF4B-00C04F79EFBC}") = "E_160420016_John_Tiket", "E_160420016_John_Tiket\E_160420016_John_Tiket.csproj", "{F99C2346-9CEB-4C5E-BAD3-D9F4D4ABE9BC}"
EndProject
Global
	GlobalSection(SolutionConfigurationPlatforms) = preSolution
		Debug|Any CPU = Debug|Any CPU
		Release|Any CPU = Release|Any CPU
	EndGlobalSection
	GlobalSection(ProjectConfigurationPlatforms) = postSolution
		{F99C2346-9CEB-4C5E-BAD3-D9F4D4ABE9BC}.Debug|Any CPU.ActiveCfg = Debug|Any CPU
		{F99C2346-9CEB-4C5E-BAD3-D9F4D4ABE9BC}.Debug|Any CPU.Build.0 = Debug|Any CPU
		{F99C2346-9CEB-4C5E-BAD3-D9F4D4ABE9BC}.Release|Any CPU.ActiveCfg = Release|Any CPU
		{F99C2346-9CEB-4C5E-BAD3-D9F4D4ABE9BC}.Release|Any CPU.Build.0 = Release|Any CPU
	EndGlobalSection
	GlobalSection(SolutionProperties) = preSolution
		HideSolutionNode = FALSE
	EndGlobalSection
	GlobalSection(ExtensibilityGlobals) = postSolution
		SolutionGuid = {54855404-507B-48A1-87F3-8D655F604EE7}
	EndGlobalSection
EndGlobal
